
Microsoft Visual Studio Solution File, Format Version 12.00
# Visual Studio Version 17
VisualStudioVersion = 17.11.35303.130
MinimumVisualStudioVersion = 10.0.40219.1
Project("{9A19103F-16F7-4668-BE54-9A1E7A4F7556}") = "filip-II-8-2024-2025", "filip-II-8-2024-2025\filip-II-8-2024-2025.csproj", "{781B8380-5841-44E8-9300-1DBBA149E419}"
EndProject
Project("{9A19103F-16F7-4668-BE54-9A1E7A4F7556}") = "if", "if\if.csproj", "{B2A229D1-1CCF-4A47-86BA-F828E790FD2D}"
EndProject
Project("{9A19103F-16F7-4668-BE54-9A1E7A4F7556}") = "calculator", "calculator\calculator.csproj", "{63DAF486-8FF7-479B-8117-DEF52CB5420B}"
EndProject
Project("{9A19103F-16F7-4668-BE54-9A1E7A4F7556}") = "suglasnik ili samoglasnik", "suglasnik ili samoglasnik\suglasnik ili samoglasnik.csproj", "{61F18B9E-9D45-4423-872D-A63B5D5A952B}"
EndProject
Project("{9A19103F-16F7-4668-BE54-9A1E7A4F7556}") = "triangle", "triangle\triangle.csproj", "{F24C4266-FF78-4C10-838B-15DF554C28A9}"
EndProject
Project("{9A19103F-16F7-4668-BE54-9A1E7A4F7556}") = "arrays", "arrays\arrays.csproj", "{E07D0002-0DDF-42D9-BD75-74FA241B52BE}"
EndProject
Project("{9A19103F-16F7-4668-BE54-9A1E7A4F7556}") = "competition", "competition\competition.csproj", "{ECC899C1-1903-458C-9F6C-6C8C047EF816}"
EndProject
Project("{9A19103F-16F7-4668-BE54-9A1E7A4F7556}") = "arthimetic-triangle", "arthimetic-triangle\arthimetic-triangle.csproj", "{F4D3D37E-6F9B-40F0-8FD0-F2D57DEB1111}"
EndProject
Project("{9A19103F-16F7-4668-BE54-9A1E7A4F7556}") = "3-arrs", "3-arrs\3-arrs.csproj", "{071FB71D-B3EF-43AF-A378-E640CC164AEE}"
EndProject
Project("{9A19103F-16F7-4668-BE54-9A1E7A4F7556}") = "dvobojka", "dvobojka\dvobojka.csproj", "{5F5E091A-EE7D-4DDB-BDAD-191BA8FBDCF4}"
EndProject
Project("{9A19103F-16F7-4668-BE54-9A1E7A4F7556}") = "binary-input", "binary-input\binary-input.csproj", "{C76B9252-0971-41CB-B3FB-516C99AF38D1}"
EndProject
Project("{9A19103F-16F7-4668-BE54-9A1E7A4F7556}") = "triples", "triples\triples.csproj", "{E85B20E6-AB4F-4CFD-AAFB-857E11689F3B}"
EndProject
Project("{9A19103F-16F7-4668-BE54-9A1E7A4F7556}") = "delfini", "delfini\delfini.csproj", "{171F152A-A8BD-492B-AA33-9A2AA0E9A242}"
EndProject
Project("{9A19103F-16F7-4668-BE54-9A1E7A4F7556}") = "number max", "number max\number max.csproj", "{F61C8F56-A16C-4CB7-A893-534B9DA60F5D}"
EndProject
Project("{9A19103F-16F7-4668-BE54-9A1E7A4F7556}") = "uneven-count", "uneven-count\uneven-count.csproj", "{D2B27923-489C-491A-906B-7D64368C9837}"
EndProject
Project("{9A19103F-16F7-4668-BE54-9A1E7A4F7556}") = "symmetric-number-array", "symmetric-number-array\symmetric-number-array.csproj", "{F78BBD85-CA63-4CEA-A24B-FE35A0FECE36}"
EndProject
Project("{9A19103F-16F7-4668-BE54-9A1E7A4F7556}") = "find-unique", "find-unique\find-unique.csproj", "{0B315AAF-4C21-43F9-BFE0-B1AFDB866023}"
EndProject
Project("{9A19103F-16F7-4668-BE54-9A1E7A4F7556}") = "eratostenovo-silo", "eratostenovo-silo\eratostenovo-silo.csproj", "{082D11FE-0D0D-456D-8ABB-5E03ABBB15E1}"
EndProject
Project("{9A19103F-16F7-4668-BE54-9A1E7A4F7556}") = "selectionsort", "selectionsort\selectionsort.csproj", "{45576E42-58AD-4A4A-B916-24104F23A7AA}"
EndProject
Project("{9A19103F-16F7-4668-BE54-9A1E7A4F7556}") = "mediana", "mediana\mediana.csproj", "{AE9A448F-FDB9-46C6-AB3A-6CD3B2D0667C}"
EndProject
Project("{9A19103F-16F7-4668-BE54-9A1E7A4F7556}") = "min-max-selection", "min-max-selection\min-max-selection.csproj", "{51EAA08E-2F1A-49E2-8145-98DD28B1E8DD}"
EndProject
Project("{9A19103F-16F7-4668-BE54-9A1E7A4F7556}") = "city-sort", "city-sort\city-sort.csproj", "{5A7EA0B5-96C0-4204-BE08-FBD204C917FF}"
EndProject
Project("{FAE04EC0-301F-11D3-BF4B-00C04F79EFBC}") = "max-clique", "max-clique\max-clique.csproj", "{BC2342F2-AE74-43C6-BC0C-5B6740CF2A12}"
EndProject
Project("{FAE04EC0-301F-11D3-BF4B-00C04F79EFBC}") = "provera-permutacija", "provera-permutacija\provera-permutacija.csproj", "{E50BC309-5845-4BEB-B2B8-E900A2992ED9}"
EndProject
Project("{FAE04EC0-301F-11D3-BF4B-00C04F79EFBC}") = "bazen-posetioci", "bazen-posetioci\bazen-posetioci.csproj", "{53E42583-460F-4144-8CF1-E2501693749E}"
EndProject
Project("{FAE04EC0-301F-11D3-BF4B-00C04F79EFBC}") = "lista-intervala", "lista-intervala\lista-intervala.csproj", "{67F85CB8-9A2F-4CA1-8A93-5B34D61895B2}"
EndProject
Project("{FAE04EC0-301F-11D3-BF4B-00C04F79EFBC}") = "barcodes", "barcodes\barcodes.csproj", "{237F5781-6513-4F63-BA8F-7D0BA90734F8}"
EndProject
Project("{FAE04EC0-301F-11D3-BF4B-00C04F79EFBC}") = "broj-parova", "broj-parova\broj-parova.csproj", "{BFA8103A-B282-481B-BA75-87195E7A16D7}"
EndProject
Project("{FAE04EC0-301F-11D3-BF4B-00C04F79EFBC}") = "neupareni-elementi", "neupareni-elementi\neupareni-elementi.csproj", "{5344BFE7-343B-43B6-AF9E-AE5610B3EDFA}"
EndProject
Project("{FAE04EC0-301F-11D3-BF4B-00C04F79EFBC}") = "dvo_struki_student", "dvo_struki_student\dvo_struki_student.csproj", "{79B430CE-3882-491D-B6CB-480BD4D421A9}"
EndProject
Project("{FAE04EC0-301F-11D3-BF4B-00C04F79EFBC}") = "matica-zurka", "matica-zurka\matica-zurka.csproj", "{885A7F5E-718D-4EF5-80A4-56E87935BDF4}"
EndProject
Project("{FAE04EC0-301F-11D3-BF4B-00C04F79EFBC}") = "anagram", "anagram\anagram.csproj", "{058EFF9E-C785-428F-9248-411EADB1E32B}"
EndProject
Project("{FAE04EC0-301F-11D3-BF4B-00C04F79EFBC}") = "max-na-racunu", "max-na-racunu\max-na-racunu.csproj", "{507D1AD9-B0D6-4CDB-BE2C-AA5920FA9238}"
EndProject
Project("{FAE04EC0-301F-11D3-BF4B-00C04F79EFBC}") = "segmenti-zbir", "segmenti-zbir\segmenti-zbir.csproj", "{76AEAC51-95A9-4609-A822-B5D6A846E43E}"
EndProject
Project("{FAE04EC0-301F-11D3-BF4B-00C04F79EFBC}") = "factorial", "factorial\factorial.csproj", "{C6530375-481F-4F46-B0A2-E541C91BF3C9}"
EndProject
Project("{FAE04EC0-301F-11D3-BF4B-00C04F79EFBC}") = "drugarice-klizaljke", "drugarice-klizaljke\drugarice-klizaljke.csproj", "{51A1EFCB-0CE8-400E-B7A4-961B6EEC263C}"
EndProject
Project("{FAE04EC0-301F-11D3-BF4B-00C04F79EFBC}") = "najkraci-segemnt-zbira-k", "najkraci-segemnt-zbira-k\najkraci-segemnt-zbira-k.csproj", "{29A17D20-53EA-4209-94A6-A71D8A1E0AD6}"
EndProject
Global
	GlobalSection(SolutionConfigurationPlatforms) = preSolution
		Debug|Any CPU = Debug|Any CPU
		Release|Any CPU = Release|Any CPU
	EndGlobalSection
	GlobalSection(ProjectConfigurationPlatforms) = postSolution
		{781B8380-5841-44E8-9300-1DBBA149E419}.Debug|Any CPU.ActiveCfg = Debug|Any CPU
		{781B8380-5841-44E8-9300-1DBBA149E419}.Debug|Any CPU.Build.0 = Debug|Any CPU
		{781B8380-5841-44E8-9300-1DBBA149E419}.Release|Any CPU.ActiveCfg = Release|Any CPU
		{781B8380-5841-44E8-9300-1DBBA149E419}.Release|Any CPU.Build.0 = Release|Any CPU
		{B2A229D1-1CCF-4A47-86BA-F828E790FD2D}.Debug|Any CPU.ActiveCfg = Debug|Any CPU
		{B2A229D1-1CCF-4A47-86BA-F828E790FD2D}.Debug|Any CPU.Build.0 = Debug|Any CPU
		{B2A229D1-1CCF-4A47-86BA-F828E790FD2D}.Release|Any CPU.ActiveCfg = Release|Any CPU
		{B2A229D1-1CCF-4A47-86BA-F828E790FD2D}.Release|Any CPU.Build.0 = Release|Any CPU
		{63DAF486-8FF7-479B-8117-DEF52CB5420B}.Debug|Any CPU.ActiveCfg = Debug|Any CPU
		{63DAF486-8FF7-479B-8117-DEF52CB5420B}.Debug|Any CPU.Build.0 = Debug|Any CPU
		{63DAF486-8FF7-479B-8117-DEF52CB5420B}.Release|Any CPU.ActiveCfg = Release|Any CPU
		{63DAF486-8FF7-479B-8117-DEF52CB5420B}.Release|Any CPU.Build.0 = Release|Any CPU
		{61F18B9E-9D45-4423-872D-A63B5D5A952B}.Debug|Any CPU.ActiveCfg = Debug|Any CPU
		{61F18B9E-9D45-4423-872D-A63B5D5A952B}.Debug|Any CPU.Build.0 = Debug|Any CPU
		{61F18B9E-9D45-4423-872D-A63B5D5A952B}.Release|Any CPU.ActiveCfg = Release|Any CPU
		{61F18B9E-9D45-4423-872D-A63B5D5A952B}.Release|Any CPU.Build.0 = Release|Any CPU
		{F24C4266-FF78-4C10-838B-15DF554C28A9}.Debug|Any CPU.ActiveCfg = Debug|Any CPU
		{F24C4266-FF78-4C10-838B-15DF554C28A9}.Debug|Any CPU.Build.0 = Debug|Any CPU
		{F24C4266-FF78-4C10-838B-15DF554C28A9}.Release|Any CPU.ActiveCfg = Release|Any CPU
		{F24C4266-FF78-4C10-838B-15DF554C28A9}.Release|Any CPU.Build.0 = Release|Any CPU
		{E07D0002-0DDF-42D9-BD75-74FA241B52BE}.Debug|Any CPU.ActiveCfg = Debug|Any CPU
		{E07D0002-0DDF-42D9-BD75-74FA241B52BE}.Debug|Any CPU.Build.0 = Debug|Any CPU
		{E07D0002-0DDF-42D9-BD75-74FA241B52BE}.Release|Any CPU.ActiveCfg = Release|Any CPU
		{E07D0002-0DDF-42D9-BD75-74FA241B52BE}.Release|Any CPU.Build.0 = Release|Any CPU
		{ECC899C1-1903-458C-9F6C-6C8C047EF816}.Debug|Any CPU.ActiveCfg = Debug|Any CPU
		{ECC899C1-1903-458C-9F6C-6C8C047EF816}.Debug|Any CPU.Build.0 = Debug|Any CPU
		{ECC899C1-1903-458C-9F6C-6C8C047EF816}.Release|Any CPU.ActiveCfg = Release|Any CPU
		{ECC899C1-1903-458C-9F6C-6C8C047EF816}.Release|Any CPU.Build.0 = Release|Any CPU
		{F4D3D37E-6F9B-40F0-8FD0-F2D57DEB1111}.Debug|Any CPU.ActiveCfg = Debug|Any CPU
		{F4D3D37E-6F9B-40F0-8FD0-F2D57DEB1111}.Debug|Any CPU.Build.0 = Debug|Any CPU
		{F4D3D37E-6F9B-40F0-8FD0-F2D57DEB1111}.Release|Any CPU.ActiveCfg = Release|Any CPU
		{F4D3D37E-6F9B-40F0-8FD0-F2D57DEB1111}.Release|Any CPU.Build.0 = Release|Any CPU
		{071FB71D-B3EF-43AF-A378-E640CC164AEE}.Debug|Any CPU.ActiveCfg = Debug|Any CPU
		{071FB71D-B3EF-43AF-A378-E640CC164AEE}.Debug|Any CPU.Build.0 = Debug|Any CPU
		{071FB71D-B3EF-43AF-A378-E640CC164AEE}.Release|Any CPU.ActiveCfg = Release|Any CPU
		{071FB71D-B3EF-43AF-A378-E640CC164AEE}.Release|Any CPU.Build.0 = Release|Any CPU
		{5F5E091A-EE7D-4DDB-BDAD-191BA8FBDCF4}.Debug|Any CPU.ActiveCfg = Debug|Any CPU
		{5F5E091A-EE7D-4DDB-BDAD-191BA8FBDCF4}.Debug|Any CPU.Build.0 = Debug|Any CPU
		{5F5E091A-EE7D-4DDB-BDAD-191BA8FBDCF4}.Release|Any CPU.ActiveCfg = Release|Any CPU
		{5F5E091A-EE7D-4DDB-BDAD-191BA8FBDCF4}.Release|Any CPU.Build.0 = Release|Any CPU
		{C76B9252-0971-41CB-B3FB-516C99AF38D1}.Debug|Any CPU.ActiveCfg = Debug|Any CPU
		{C76B9252-0971-41CB-B3FB-516C99AF38D1}.Debug|Any CPU.Build.0 = Debug|Any CPU
		{C76B9252-0971-41CB-B3FB-516C99AF38D1}.Release|Any CPU.ActiveCfg = Release|Any CPU
		{C76B9252-0971-41CB-B3FB-516C99AF38D1}.Release|Any CPU.Build.0 = Release|Any CPU
		{E85B20E6-AB4F-4CFD-AAFB-857E11689F3B}.Debug|Any CPU.ActiveCfg = Debug|Any CPU
		{E85B20E6-AB4F-4CFD-AAFB-857E11689F3B}.Debug|Any CPU.Build.0 = Debug|Any CPU
		{E85B20E6-AB4F-4CFD-AAFB-857E11689F3B}.Release|Any CPU.ActiveCfg = Release|Any CPU
		{E85B20E6-AB4F-4CFD-AAFB-857E11689F3B}.Release|Any CPU.Build.0 = Release|Any CPU
		{171F152A-A8BD-492B-AA33-9A2AA0E9A242}.Debug|Any CPU.ActiveCfg = Debug|Any CPU
		{171F152A-A8BD-492B-AA33-9A2AA0E9A242}.Debug|Any CPU.Build.0 = Debug|Any CPU
		{171F152A-A8BD-492B-AA33-9A2AA0E9A242}.Release|Any CPU.ActiveCfg = Release|Any CPU
		{171F152A-A8BD-492B-AA33-9A2AA0E9A242}.Release|Any CPU.Build.0 = Release|Any CPU
		{F61C8F56-A16C-4CB7-A893-534B9DA60F5D}.Debug|Any CPU.ActiveCfg = Debug|Any CPU
		{F61C8F56-A16C-4CB7-A893-534B9DA60F5D}.Debug|Any CPU.Build.0 = Debug|Any CPU
		{F61C8F56-A16C-4CB7-A893-534B9DA60F5D}.Release|Any CPU.ActiveCfg = Release|Any CPU
		{F61C8F56-A16C-4CB7-A893-534B9DA60F5D}.Release|Any CPU.Build.0 = Release|Any CPU
		{D2B27923-489C-491A-906B-7D64368C9837}.Debug|Any CPU.ActiveCfg = Debug|Any CPU
		{D2B27923-489C-491A-906B-7D64368C9837}.Debug|Any CPU.Build.0 = Debug|Any CPU
		{D2B27923-489C-491A-906B-7D64368C9837}.Release|Any CPU.ActiveCfg = Release|Any CPU
		{D2B27923-489C-491A-906B-7D64368C9837}.Release|Any CPU.Build.0 = Release|Any CPU
		{F78BBD85-CA63-4CEA-A24B-FE35A0FECE36}.Debug|Any CPU.ActiveCfg = Debug|Any CPU
		{F78BBD85-CA63-4CEA-A24B-FE35A0FECE36}.Debug|Any CPU.Build.0 = Debug|Any CPU
		{F78BBD85-CA63-4CEA-A24B-FE35A0FECE36}.Release|Any CPU.ActiveCfg = Release|Any CPU
		{F78BBD85-CA63-4CEA-A24B-FE35A0FECE36}.Release|Any CPU.Build.0 = Release|Any CPU
		{0B315AAF-4C21-43F9-BFE0-B1AFDB866023}.Debug|Any CPU.ActiveCfg = Debug|Any CPU
		{0B315AAF-4C21-43F9-BFE0-B1AFDB866023}.Debug|Any CPU.Build.0 = Debug|Any CPU
		{0B315AAF-4C21-43F9-BFE0-B1AFDB866023}.Release|Any CPU.ActiveCfg = Release|Any CPU
		{0B315AAF-4C21-43F9-BFE0-B1AFDB866023}.Release|Any CPU.Build.0 = Release|Any CPU
		{082D11FE-0D0D-456D-8ABB-5E03ABBB15E1}.Debug|Any CPU.ActiveCfg = Debug|Any CPU
		{082D11FE-0D0D-456D-8ABB-5E03ABBB15E1}.Debug|Any CPU.Build.0 = Debug|Any CPU
		{082D11FE-0D0D-456D-8ABB-5E03ABBB15E1}.Release|Any CPU.ActiveCfg = Release|Any CPU
		{082D11FE-0D0D-456D-8ABB-5E03ABBB15E1}.Release|Any CPU.Build.0 = Release|Any CPU
		{45576E42-58AD-4A4A-B916-24104F23A7AA}.Debug|Any CPU.ActiveCfg = Debug|Any CPU
		{45576E42-58AD-4A4A-B916-24104F23A7AA}.Debug|Any CPU.Build.0 = Debug|Any CPU
		{45576E42-58AD-4A4A-B916-24104F23A7AA}.Release|Any CPU.ActiveCfg = Release|Any CPU
		{45576E42-58AD-4A4A-B916-24104F23A7AA}.Release|Any CPU.Build.0 = Release|Any CPU
		{AE9A448F-FDB9-46C6-AB3A-6CD3B2D0667C}.Debug|Any CPU.ActiveCfg = Debug|Any CPU
		{AE9A448F-FDB9-46C6-AB3A-6CD3B2D0667C}.Debug|Any CPU.Build.0 = Debug|Any CPU
		{AE9A448F-FDB9-46C6-AB3A-6CD3B2D0667C}.Release|Any CPU.ActiveCfg = Release|Any CPU
		{AE9A448F-FDB9-46C6-AB3A-6CD3B2D0667C}.Release|Any CPU.Build.0 = Release|Any CPU
		{51EAA08E-2F1A-49E2-8145-98DD28B1E8DD}.Debug|Any CPU.ActiveCfg = Debug|Any CPU
		{51EAA08E-2F1A-49E2-8145-98DD28B1E8DD}.Debug|Any CPU.Build.0 = Debug|Any CPU
		{51EAA08E-2F1A-49E2-8145-98DD28B1E8DD}.Release|Any CPU.ActiveCfg = Release|Any CPU
		{51EAA08E-2F1A-49E2-8145-98DD28B1E8DD}.Release|Any CPU.Build.0 = Release|Any CPU
		{5A7EA0B5-96C0-4204-BE08-FBD204C917FF}.Debug|Any CPU.ActiveCfg = Debug|Any CPU
		{5A7EA0B5-96C0-4204-BE08-FBD204C917FF}.Debug|Any CPU.Build.0 = Debug|Any CPU
		{5A7EA0B5-96C0-4204-BE08-FBD204C917FF}.Release|Any CPU.ActiveCfg = Release|Any CPU
		{5A7EA0B5-96C0-4204-BE08-FBD204C917FF}.Release|Any CPU.Build.0 = Release|Any CPU
		{BC2342F2-AE74-43C6-BC0C-5B6740CF2A12}.Debug|Any CPU.ActiveCfg = Debug|Any CPU
		{BC2342F2-AE74-43C6-BC0C-5B6740CF2A12}.Debug|Any CPU.Build.0 = Debug|Any CPU
		{BC2342F2-AE74-43C6-BC0C-5B6740CF2A12}.Release|Any CPU.ActiveCfg = Release|Any CPU
		{BC2342F2-AE74-43C6-BC0C-5B6740CF2A12}.Release|Any CPU.Build.0 = Release|Any CPU
		{E50BC309-5845-4BEB-B2B8-E900A2992ED9}.Debug|Any CPU.ActiveCfg = Debug|Any CPU
		{E50BC309-5845-4BEB-B2B8-E900A2992ED9}.Debug|Any CPU.Build.0 = Debug|Any CPU
		{E50BC309-5845-4BEB-B2B8-E900A2992ED9}.Release|Any CPU.ActiveCfg = Release|Any CPU
		{E50BC309-5845-4BEB-B2B8-E900A2992ED9}.Release|Any CPU.Build.0 = Release|Any CPU
		{53E42583-460F-4144-8CF1-E2501693749E}.Debug|Any CPU.ActiveCfg = Debug|Any CPU
		{53E42583-460F-4144-8CF1-E2501693749E}.Debug|Any CPU.Build.0 = Debug|Any CPU
		{53E42583-460F-4144-8CF1-E2501693749E}.Release|Any CPU.ActiveCfg = Release|Any CPU
		{53E42583-460F-4144-8CF1-E2501693749E}.Release|Any CPU.Build.0 = Release|Any CPU
		{67F85CB8-9A2F-4CA1-8A93-5B34D61895B2}.Debug|Any CPU.ActiveCfg = Debug|Any CPU
		{67F85CB8-9A2F-4CA1-8A93-5B34D61895B2}.Debug|Any CPU.Build.0 = Debug|Any CPU
		{67F85CB8-9A2F-4CA1-8A93-5B34D61895B2}.Release|Any CPU.ActiveCfg = Release|Any CPU
		{67F85CB8-9A2F-4CA1-8A93-5B34D61895B2}.Release|Any CPU.Build.0 = Release|Any CPU
		{237F5781-6513-4F63-BA8F-7D0BA90734F8}.Debug|Any CPU.ActiveCfg = Debug|Any CPU
		{237F5781-6513-4F63-BA8F-7D0BA90734F8}.Debug|Any CPU.Build.0 = Debug|Any CPU
		{237F5781-6513-4F63-BA8F-7D0BA90734F8}.Release|Any CPU.ActiveCfg = Release|Any CPU
		{237F5781-6513-4F63-BA8F-7D0BA90734F8}.Release|Any CPU.Build.0 = Release|Any CPU
		{BFA8103A-B282-481B-BA75-87195E7A16D7}.Debug|Any CPU.ActiveCfg = Debug|Any CPU
		{BFA8103A-B282-481B-BA75-87195E7A16D7}.Debug|Any CPU.Build.0 = Debug|Any CPU
		{BFA8103A-B282-481B-BA75-87195E7A16D7}.Release|Any CPU.ActiveCfg = Release|Any CPU
		{BFA8103A-B282-481B-BA75-87195E7A16D7}.Release|Any CPU.Build.0 = Release|Any CPU
		{5344BFE7-343B-43B6-AF9E-AE5610B3EDFA}.Debug|Any CPU.ActiveCfg = Debug|Any CPU
		{5344BFE7-343B-43B6-AF9E-AE5610B3EDFA}.Debug|Any CPU.Build.0 = Debug|Any CPU
		{5344BFE7-343B-43B6-AF9E-AE5610B3EDFA}.Release|Any CPU.ActiveCfg = Release|Any CPU
		{5344BFE7-343B-43B6-AF9E-AE5610B3EDFA}.Release|Any CPU.Build.0 = Release|Any CPU
		{79B430CE-3882-491D-B6CB-480BD4D421A9}.Debug|Any CPU.ActiveCfg = Debug|Any CPU
		{79B430CE-3882-491D-B6CB-480BD4D421A9}.Debug|Any CPU.Build.0 = Debug|Any CPU
		{79B430CE-3882-491D-B6CB-480BD4D421A9}.Release|Any CPU.ActiveCfg = Release|Any CPU
		{79B430CE-3882-491D-B6CB-480BD4D421A9}.Release|Any CPU.Build.0 = Release|Any CPU
		{885A7F5E-718D-4EF5-80A4-56E87935BDF4}.Debug|Any CPU.ActiveCfg = Debug|Any CPU
		{885A7F5E-718D-4EF5-80A4-56E87935BDF4}.Debug|Any CPU.Build.0 = Debug|Any CPU
		{885A7F5E-718D-4EF5-80A4-56E87935BDF4}.Release|Any CPU.ActiveCfg = Release|Any CPU
		{885A7F5E-718D-4EF5-80A4-56E87935BDF4}.Release|Any CPU.Build.0 = Release|Any CPU
		{058EFF9E-C785-428F-9248-411EADB1E32B}.Debug|Any CPU.ActiveCfg = Debug|Any CPU
		{058EFF9E-C785-428F-9248-411EADB1E32B}.Debug|Any CPU.Build.0 = Debug|Any CPU
		{058EFF9E-C785-428F-9248-411EADB1E32B}.Release|Any CPU.ActiveCfg = Release|Any CPU
		{058EFF9E-C785-428F-9248-411EADB1E32B}.Release|Any CPU.Build.0 = Release|Any CPU
		{507D1AD9-B0D6-4CDB-BE2C-AA5920FA9238}.Debug|Any CPU.ActiveCfg = Debug|Any CPU
		{507D1AD9-B0D6-4CDB-BE2C-AA5920FA9238}.Debug|Any CPU.Build.0 = Debug|Any CPU
		{507D1AD9-B0D6-4CDB-BE2C-AA5920FA9238}.Release|Any CPU.ActiveCfg = Release|Any CPU
		{507D1AD9-B0D6-4CDB-BE2C-AA5920FA9238}.Release|Any CPU.Build.0 = Release|Any CPU
		{76AEAC51-95A9-4609-A822-B5D6A846E43E}.Debug|Any CPU.ActiveCfg = Debug|Any CPU
		{76AEAC51-95A9-4609-A822-B5D6A846E43E}.Debug|Any CPU.Build.0 = Debug|Any CPU
		{76AEAC51-95A9-4609-A822-B5D6A846E43E}.Release|Any CPU.ActiveCfg = Release|Any CPU
		{76AEAC51-95A9-4609-A822-B5D6A846E43E}.Release|Any CPU.Build.0 = Release|Any CPU
		{C6530375-481F-4F46-B0A2-E541C91BF3C9}.Debug|Any CPU.ActiveCfg = Debug|Any CPU
		{C6530375-481F-4F46-B0A2-E541C91BF3C9}.Debug|Any CPU.Build.0 = Debug|Any CPU
		{C6530375-481F-4F46-B0A2-E541C91BF3C9}.Release|Any CPU.ActiveCfg = Release|Any CPU
		{C6530375-481F-4F46-B0A2-E541C91BF3C9}.Release|Any CPU.Build.0 = Release|Any CPU
		{51A1EFCB-0CE8-400E-B7A4-961B6EEC263C}.Debug|Any CPU.ActiveCfg = Debug|Any CPU
		{51A1EFCB-0CE8-400E-B7A4-961B6EEC263C}.Debug|Any CPU.Build.0 = Debug|Any CPU
		{51A1EFCB-0CE8-400E-B7A4-961B6EEC263C}.Release|Any CPU.ActiveCfg = Release|Any CPU
		{51A1EFCB-0CE8-400E-B7A4-961B6EEC263C}.Release|Any CPU.Build.0 = Release|Any CPU
		{29A17D20-53EA-4209-94A6-A71D8A1E0AD6}.Debug|Any CPU.ActiveCfg = Debug|Any CPU
		{29A17D20-53EA-4209-94A6-A71D8A1E0AD6}.Debug|Any CPU.Build.0 = Debug|Any CPU
		{29A17D20-53EA-4209-94A6-A71D8A1E0AD6}.Release|Any CPU.ActiveCfg = Release|Any CPU
		{29A17D20-53EA-4209-94A6-A71D8A1E0AD6}.Release|Any CPU.Build.0 = Release|Any CPU
	EndGlobalSection
	GlobalSection(SolutionProperties) = preSolution
		HideSolutionNode = FALSE
	EndGlobalSection
	GlobalSection(ExtensibilityGlobals) = postSolution
		SolutionGuid = {A883460D-4EE8-4A4D-AFF3-7DC1A67FC6D5}
	EndGlobalSection
EndGlobal
